{
  "object": {
    "pins": [
      {
        "package": "Marquee",
        "repositoryURL": "https://github.com/SwiftUIKit/Marquee",
        "state": {
          "branch": null,
          "revision": "69d7b7c6c34ed41d9299cfa8406f91f529c4fef3",
          "version": "0.3.0"
        }
      }
    ]
  },
  "version": 1
}
