// !$*UTF8*$!
{
	archiveVersion = 1;
	classes = {
	};
	objectVersion = 52;
	objects = {

/* Begin PBXBuildFile section */
		7C5329622678EBD600EE0463 /* HistoryView.swift in Sources */ = {isa = PBXBuildFile; fileRef = 7C5329612678EBD600EE0463 /* HistoryView.swift */; };
		7C532965267B954A00EE0463 /* TranslationItem.swift in Sources */ = {isa = PBXBuildFile; fileRef = 7C532964267B954A00EE0463 /* TranslationItem.swift */; };
		7C532967267B9FA000EE0463 /* TranslateViewModel.swift in Sources */ = {isa = PBXBuildFile; fileRef = 7C532966267B9FA000EE0463 /* TranslateViewModel.swift */; };
		7C8233FD269618D90062F9EC /* Marquee in Frameworks */ = {isa = PBXBuildFile; productRef = 7C8233FC269618D90062F9EC /* Marquee */; };
		7C8233FF26961BE00062F9EC /* HistoryCell.swift in Sources */ = {isa = PBXBuildFile; fileRef = 7C8233FE26961BE00062F9EC /* HistoryCell.swift */; };
		7C823402269623410062F9EC /* Localizable.strings in Resources */ = {isa = PBXBuildFile; fileRef = 7C823404269623410062F9EC /* Localizable.strings */; };
		7CA9E4512678DEBF00394CE4 /* translatorappApp.swift in Sources */ = {isa = PBXBuildFile; fileRef = 7CA9E4502678DEBF00394CE4 /* translatorappApp.swift */; };
		7CA9E4532678DEBF00394CE4 /* ContentView.swift in Sources */ = {isa = PBXBuildFile; fileRef = 7CA9E4522678DEBF00394CE4 /* ContentView.swift */; };
		7CA9E4552678DEC400394CE4 /* Assets.xcassets in Resources */ = {isa = PBXBuildFile; fileRef = 7CA9E4542678DEC400394CE4 /* Assets.xcassets */; };
		7CA9E4582678DEC400394CE4 /* Preview Assets.xcassets in Resources */ = {isa = PBXBuildFile; fileRef = 7CA9E4572678DEC400394CE4 /* Preview Assets.xcassets */; };
/* End PBXBuildFile section */

/* Begin PBXFileReference section */
		7C5329612678EBD600EE0463 /* HistoryView.swift */ = {isa = PBXFileReference; lastKnownFileType = sourcecode.swift; path = HistoryView.swift; sourceTree = "<group>"; };
		7C532964267B954A00EE0463 /* TranslationItem.swift */ = {isa = PBXFileReference; lastKnownFileType = sourcecode.swift; path = TranslationItem.swift; sourceTree = "<group>"; };
		7C532966267B9FA000EE0463 /* TranslateViewModel.swift */ = {isa = PBXFileReference; lastKnownFileType = sourcecode.swift; path = TranslateViewModel.swift; sourceTree = "<group>"; };
		7C8233FE26961BE00062F9EC /* HistoryCell.swift */ = {isa = PBXFileReference; lastKnownFileType = sourcecode.swift; path = HistoryCell.swift; sourceTree = "<group>"; };
		7C823403269623410062F9EC /* en */ = {isa = PBXFileReference; lastKnownFileType = text.plist.strings; name = en; path = en.lproj/Localizable.strings; sourceTree = "<group>"; };
		7C8234052696234E0062F9EC /* ru */ = {isa = PBXFileReference; lastKnownFileType = text.plist.strings; name = ru; path = ru.lproj/Localizable.strings; sourceTree = "<group>"; };
		7CA9E44D2678DEBF00394CE4 /* translatorapp.app */ = {isa = PBXFileReference; explicitFileType = wrapper.application; includeInIndex = 0; path = translatorapp.app; sourceTree = BUILT_PRODUCTS_DIR; };
		7CA9E4502678DEBF00394CE4 /* translatorappApp.swift */ = {isa = PBXFileReference; lastKnownFileType = sourcecode.swift; path = translatorappApp.swift; sourceTree = "<group>"; };
		7CA9E4522678DEBF00394CE4 /* ContentView.swift */ = {isa = PBXFileReference; lastKnownFileType = sourcecode.swift; path = ContentView.swift; sourceTree = "<group>"; };
		7CA9E4542678DEC400394CE4 /* Assets.xcassets */ = {isa = PBXFileReference; lastKnownFileType = folder.assetcatalog; path = Assets.xcassets; sourceTree = "<group>"; };
		7CA9E4572678DEC400394CE4 /* Preview Assets.xcassets */ = {isa = PBXFileReference; lastKnownFileType = folder.assetcatalog; path = "Preview Assets.xcassets"; sourceTree = "<group>"; };
		7CA9E4592678DEC400394CE4 /* Info.plist */ = {isa = PBXFileReference; lastKnownFileType = text.plist.xml; path = Info.plist; sourceTree = "<group>"; };
/* End PBXFileReference section */

/* Begin PBXFrameworksBuildPhase section */
		7CA9E44A2678DEBF00394CE4 /* Frameworks */ = {
			isa = PBXFrameworksBuildPhase;
			buildActionMask = 2147483647;
			files = (
				7C8233FD269618D90062F9EC /* Marquee in Frameworks */,
			);
			runOnlyForDeploymentPostprocessing = 0;
		};
/* End PBXFrameworksBuildPhase section */

/* Begin PBXGroup section */
		7C53295F2678EBC300EE0463 /* Models */ = {
			isa = PBXGroup;
			children = (
				7C532964267B954A00EE0463 /* TranslationItem.swift */,
			);
			path = Models;
			sourceTree = "<group>";
		};
		7C5329602678EBC900EE0463 /* Views */ = {
			isa = PBXGroup;
			children = (
				7C5329612678EBD600EE0463 /* HistoryView.swift */,
				7C8233FE26961BE00062F9EC /* HistoryCell.swift */,
			);
			path = Views;
			sourceTree = "<group>";
		};
		7C532963267B953700EE0463 /* ViewModels */ = {
			isa = PBXGroup;
			children = (
				7C532966267B9FA000EE0463 /* TranslateViewModel.swift */,
			);
			path = ViewModels;
			sourceTree = "<group>";
		};
		7CA9E4442678DEBF00394CE4 = {
			isa = PBXGroup;
			children = (
				7C823404269623410062F9EC /* Localizable.strings */,
				7CA9E44F2678DEBF00394CE4 /* translatorapp */,
				7CA9E44E2678DEBF00394CE4 /* Products */,
			);
			sourceTree = "<group>";
		};
		7CA9E44E2678DEBF00394CE4 /* Products */ = {
			isa = PBXGroup;
			children = (
				7CA9E44D2678DEBF00394CE4 /* translatorapp.app */,
			);
			name = Products;
			sourceTree = "<group>";
		};
		7CA9E44F2678DEBF00394CE4 /* translatorapp */ = {
			isa = PBXGroup;
			children = (
				7C532963267B953700EE0463 /* ViewModels */,
				7C5329602678EBC900EE0463 /* Views */,
				7C53295F2678EBC300EE0463 /* Models */,
				7CA9E4502678DEBF00394CE4 /* translatorappApp.swift */,
				7CA9E4522678DEBF00394CE4 /* ContentView.swift */,
				7CA9E4542678DEC400394CE4 /* Assets.xcassets */,
				7CA9E4592678DEC400394CE4 /* Info.plist */,
				7CA9E4562678DEC400394CE4 /* Preview Content */,
			);
			path = translatorapp;
			sourceTree = "<group>";
		};
		7CA9E4562678DEC400394CE4 /* Preview Content */ = {
			isa = PBXGroup;
			children = (
				7CA9E4572678DEC400394CE4 /* Preview Assets.xcassets */,
			);
			path = "Preview Content";
			sourceTree = "<group>";
		};
/* End PBXGroup section */

/* Begin PBXNativeTarget section */
		7CA9E44C2678DEBF00394CE4 /* translatorapp */ = {
			isa = PBXNativeTarget;
			buildConfigurationList = 7CA9E45C2678DEC400394CE4 /* Build configuration list for PBXNativeTarget "translatorapp" */;
			buildPhases = (
				7CA9E4492678DEBF00394CE4 /* Sources */,
				7CA9E44A2678DEBF00394CE4 /* Frameworks */,
				7CA9E44B2678DEBF00394CE4 /* Resources */,
			);
			buildRules = (
			);
			dependencies = (
			);
			name = translatorapp;
			packageProductDependencies = (
				7C8233FC269618D90062F9EC /* Marquee */,
			);
			productName = translatorapp;
			productReference = 7CA9E44D2678DEBF00394CE4 /* translatorapp.app */;
			productType = "com.apple.product-type.application";
		};
/* End PBXNativeTarget section */

/* Begin PBXProject section */
		7CA9E4452678DEBF00394CE4 /* Project object */ = {
			isa = PBXProject;
			attributes = {
				LastSwiftUpdateCheck = 1250;
				LastUpgradeCheck = 1250;
				TargetAttributes = {
					7CA9E44C2678DEBF00394CE4 = {
						CreatedOnToolsVersion = 12.5;
					};
				};
			};
			buildConfigurationList = 7CA9E4482678DEBF00394CE4 /* Build configuration list for PBXProject "translatorapp" */;
			compatibilityVersion = "Xcode 9.3";
			developmentRegion = en;
			hasScannedForEncodings = 0;
			knownRegions = (
				en,
				Base,
				ru,
			);
			mainGroup = 7CA9E4442678DEBF00394CE4;
			packageReferences = (
				7C8233FB269618D90062F9EC /* XCRemoteSwiftPackageReference "Marquee" */,
			);
			productRefGroup = 7CA9E44E2678DEBF00394CE4 /* Products */;
			projectDirPath = "";
			projectRoot = "";
			targets = (
				7CA9E44C2678DEBF00394CE4 /* translatorapp */,
			);
		};
/* End PBXProject section */

/* Begin PBXResourcesBuildPhase section */
		7CA9E44B2678DEBF00394CE4 /* Resources */ = {
			isa = PBXResourcesBuildPhase;
			buildActionMask = 2147483647;
			files = (
				7CA9E4582678DEC400394CE4 /* Preview Assets.xcassets in Resources */,
				7C823402269623410062F9EC /* Localizable.strings in Resources */,
				7CA9E4552678DEC400394CE4 /* Assets.xcassets in Resources */,
			);
			runOnlyForDeploymentPostprocessing = 0;
		};
/* End PBXResourcesBuildPhase section */

/* Begin PBXSourcesBuildPhase section */
		7CA9E4492678DEBF00394CE4 /* Sources */ = {
			isa = PBXSourcesBuildPhase;
			buildActionMask = 2147483647;
			files = (
				7C8233FF26961BE00062F9EC /* HistoryCell.swift in Sources */,
				7CA9E4532678DEBF00394CE4 /* ContentView.swift in Sources */,
				7C5329622678EBD600EE0463 /* HistoryView.swift in Sources */,
				7C532965267B954A00EE0463 /* TranslationItem.swift in Sources */,
				7CA9E4512678DEBF00394CE4 /* translatorappApp.swift in Sources */,
				7C532967267B9FA000EE0463 /* TranslateViewModel.swift in Sources */,
			);
			runOnlyForDeploymentPostprocessing = 0;
		};
/* End PBXSourcesBuildPhase section */

/* Begin PBXVariantGroup section */
		7C823404269623410062F9EC /* Localizable.strings */ = {
			isa = PBXVariantGroup;
			children = (
				7C823403269623410062F9EC /* en */,
				7C8234052696234E0062F9EC /* ru */,
			);
			name = Localizable.strings;
			sourceTree = "<group>";
		};
/* End PBXVariantGroup section */

/* Begin XCBuildConfiguration section */
		7CA9E45A2678DEC400394CE4 /* Debug */ = {
			isa = XCBuildConfiguration;
			buildSettings = {
				ALWAYS_SEARCH_USER_PATHS = NO;
				CLANG_ANALYZER_NONNULL = YES;
				CLANG_ANALYZER_NUMBER_OBJECT_CONVERSION = YES_AGGRESSIVE;
				CLANG_CXX_LANGUAGE_STANDARD = "gnu++14";
				CLANG_CXX_LIBRARY = "libc++";
				CLANG_ENABLE_MODULES = YES;
				CLANG_ENABLE_OBJC_ARC = YES;
				CLANG_ENABLE_OBJC_WEAK = YES;
				CLANG_WARN_BLOCK_CAPTURE_AUTORELEASING = YES;
				CLANG_WARN_BOOL_CONVERSION = YES;
				CLANG_WARN_COMMA = YES;
				CLANG_WARN_CONSTANT_CONVERSION = YES;
				CLANG_WARN_DEPRECATED_OBJC_IMPLEMENTATIONS = YES;
				CLANG_WARN_DIRECT_OBJC_ISA_USAGE = YES_ERROR;
				CLANG_WARN_DOCUMENTATION_COMMENTS = YES;
				CLANG_WARN_EMPTY_BODY = YES;
				CLANG_WARN_ENUM_CONVERSION = YES;
				CLANG_WARN_INFINITE_RECURSION = YES;
				CLANG_WARN_INT_CONVERSION = YES;
				CLANG_WARN_NON_LITERAL_NULL_CONVERSION = YES;
				CLANG_WARN_OBJC_IMPLICIT_RETAIN_SELF = YES;
				CLANG_WARN_OBJC_LITERAL_CONVERSION = YES;
				CLANG_WARN_OBJC_ROOT_CLASS = YES_ERROR;
				CLANG_WARN_QUOTED_INCLUDE_IN_FRAMEWORK_HEADER = YES;
				CLANG_WARN_RANGE_LOOP_ANALYSIS = YES;
				CLANG_WARN_STRICT_PROTOTYPES = YES;
				CLANG_WARN_SUSPICIOUS_MOVE = YES;
				CLANG_WARN_UNGUARDED_AVAILABILITY = YES_AGGRESSIVE;
				CLANG_WARN_UNREACHABLE_CODE = YES;
				CLANG_WARN__DUPLICATE_METHOD_MATCH = YES;
				COPY_PHASE_STRIP = NO;
				DEBUG_INFORMATION_FORMAT = dwarf;
				ENABLE_STRICT_OBJC_MSGSEND = YES;
				ENABLE_TESTABILITY = YES;
				GCC_C_LANGUAGE_STANDARD = gnu11;
				GCC_DYNAMIC_NO_PIC = NO;
				GCC_NO_COMMON_BLOCKS = YES;
				GCC_OPTIMIZATION_LEVEL = 0;
				GCC_PREPROCESSOR_DEFINITIONS = (
					"DEBUG=1",
					"$(inherited)",
				);
				GCC_WARN_64_TO_32_BIT_CONVERSION = YES;
				GCC_WARN_ABOUT_RETURN_TYPE = YES_ERROR;
				GCC_WARN_UNDECLARED_SELECTOR = YES;
				GCC_WARN_UNINITIALIZED_AUTOS = YES_AGGRESSIVE;
				GCC_WARN_UNUSED_FUNCTION = YES;
				GCC_WARN_UNUSED_VARIABLE = YES;
				IPHONEOS_DEPLOYMENT_TARGET = 14.5;
				MTL_ENABLE_DEBUG_INFO = INCLUDE_SOURCE;
				MTL_FAST_MATH = YES;
				ONLY_ACTIVE_ARCH = YES;
				SDKROOT = iphoneos;
				SWIFT_ACTIVE_COMPILATION_CONDITIONS = DEBUG;
				SWIFT_OPTIMIZATION_LEVEL = "-Onone";
			};
			name = Debug;
		};
		7CA9E45B2678DEC400394CE4 /* Release */ = {
			isa = XCBuildConfiguration;
			buildSettings = {
				ALWAYS_SEARCH_USER_PATHS = NO;
				CLANG_ANALYZER_NONNULL = YES;
				CLANG_ANALYZER_NUMBER_OBJECT_CONVERSION = YES_AGGRESSIVE;
				CLANG_CXX_LANGUAGE_STANDARD = "gnu++14";
				CLANG_CXX_LIBRARY = "libc++";
				CLANG_ENABLE_MODULES = YES;
				CLANG_ENABLE_OBJC_ARC = YES;
				CLANG_ENABLE_OBJC_WEAK = YES;
				CLANG_WARN_BLOCK_CAPTURE_AUTORELEASING = YES;
				CLANG_WARN_BOOL_CONVERSION = YES;
				CLANG_WARN_COMMA = YES;
				CLANG_WARN_CONSTANT_CONVERSION = YES;
				CLANG_WARN_DEPRECATED_OBJC_IMPLEMENTATIONS = YES;
				CLANG_WARN_DIRECT_OBJC_ISA_USAGE = YES_ERROR;
				CLANG_WARN_DOCUMENTATION_COMMENTS = YES;
				CLANG_WARN_EMPTY_BODY = YES;
				CLANG_WARN_ENUM_CONVERSION = YES;
				CLANG_WARN_INFINITE_RECURSION = YES;
				CLANG_WARN_INT_CONVERSION = YES;
				CLANG_WARN_NON_LITERAL_NULL_CONVERSION = YES;
				CLANG_WARN_OBJC_IMPLICIT_RETAIN_SELF = YES;
				CLANG_WARN_OBJC_LITERAL_CONVERSION = YES;
				CLANG_WARN_OBJC_ROOT_CLASS = YES_ERROR;
				CLANG_WARN_QUOTED_INCLUDE_IN_FRAMEWORK_HEADER = YES;
				CLANG_WARN_RANGE_LOOP_ANALYSIS = YES;
				CLANG_WARN_STRICT_PROTOTYPES = YES;
				CLANG_WARN_SUSPICIOUS_MOVE = YES;
				CLANG_WARN_UNGUARDED_AVAILABILITY = YES_AGGRESSIVE;
				CLANG_WARN_UNREACHABLE_CODE = YES;
				CLANG_WARN__DUPLICATE_METHOD_MATCH = YES;
				COPY_PHASE_STRIP = NO;
				DEBUG_INFORMATION_FORMAT = "dwarf-with-dsym";
				ENABLE_NS_ASSERTIONS = NO;
				ENABLE_STRICT_OBJC_MSGSEND = YES;
				GCC_C_LANGUAGE_STANDARD = gnu11;
				GCC_NO_COMMON_BLOCKS = YES;
				GCC_WARN_64_TO_32_BIT_CONVERSION = YES;
				GCC_WARN_ABOUT_RETURN_TYPE = YES_ERROR;
				GCC_WARN_UNDECLARED_SELECTOR = YES;
				GCC_WARN_UNINITIALIZED_AUTOS = YES_AGGRESSIVE;
				GCC_WARN_UNUSED_FUNCTION = YES;
				GCC_WARN_UNUSED_VARIABLE = YES;
				IPHONEOS_DEPLOYMENT_TARGET = 14.5;
				MTL_ENABLE_DEBUG_INFO = NO;
				MTL_FAST_MATH = YES;
				SDKROOT = iphoneos;
				SWIFT_COMPILATION_MODE = wholemodule;
				SWIFT_OPTIMIZATION_LEVEL = "-O";
				VALIDATE_PRODUCT = YES;
			};
			name = Release;
		};
		7CA9E45D2678DEC400394CE4 /* Debug */ = {
			isa = XCBuildConfiguration;
			buildSettings = {
				ASSETCATALOG_COMPILER_APPICON_NAME = AppIcon;
				ASSETCATALOG_COMPILER_GLOBAL_ACCENT_COLOR_NAME = AccentColor;
				CODE_SIGN_STYLE = Automatic;
				DEVELOPMENT_ASSET_PATHS = "\"translatorapp/Preview Content\"";
				DEVELOPMENT_TEAM = T22YVT6KU2;
				ENABLE_PREVIEWS = YES;
				INFOPLIST_FILE = translatorapp/Info.plist;
				IPHONEOS_DEPLOYMENT_TARGET = 14.0;
				LD_RUNPATH_SEARCH_PATHS = (
					"$(inherited)",
					"@executable_path/Frameworks",
				);
				PRODUCT_BUNDLE_IDENTIFIER = com.rosemarine.translatorapp;
				PRODUCT_NAME = "$(TARGET_NAME)";
				SWIFT_VERSION = 5.0;
				TARGETED_DEVICE_FAMILY = "1,2";
			};
			name = Debug;
		};
		7CA9E45E2678DEC400394CE4 /* Release */ = {
			isa = XCBuildConfiguration;
			buildSettings = {
				ASSETCATALOG_COMPILER_APPICON_NAME = AppIcon;
				ASSETCATALOG_COMPILER_GLOBAL_ACCENT_COLOR_NAME = AccentColor;
				CODE_SIGN_STYLE = Automatic;
				DEVELOPMENT_ASSET_PATHS = "\"translatorapp/Preview Content\"";
				DEVELOPMENT_TEAM = T22YVT6KU2;
				ENABLE_PREVIEWS = YES;
				INFOPLIST_FILE = translatorapp/Info.plist;
				IPHONEOS_DEPLOYMENT_TARGET = 14.0;
				LD_RUNPATH_SEARCH_PATHS = (
					"$(inherited)",
					"@executable_path/Frameworks",
				);
				PRODUCT_BUNDLE_IDENTIFIER = com.rosemarine.translatorapp;
				PRODUCT_NAME = "$(TARGET_NAME)";
				SWIFT_VERSION = 5.0;
				TARGETED_DEVICE_FAMILY = "1,2";
			};
			name = Release;
		};
/* End XCBuildConfiguration section */

/* Begin XCConfigurationList section */
		7CA9E4482678DEBF00394CE4 /* Build configuration list for PBXProject "translatorapp" */ = {
			isa = XCConfigurationList;
			buildConfigurations = (
				7CA9E45A2678DEC400394CE4 /* Debug */,
				7CA9E45B2678DEC400394CE4 /* Release */,
			);
			defaultConfigurationIsVisible = 0;
			defaultConfigurationName = Release;
		};
		7CA9E45C2678DEC400394CE4 /* Build configuration list for PBXNativeTarget "translatorapp" */ = {
			isa = XCConfigurationList;
			buildConfigurations = (
				7CA9E45D2678DEC400394CE4 /* Debug */,
				7CA9E45E2678DEC400394CE4 /* Release */,
			);
			defaultConfigurationIsVisible = 0;
			defaultConfigurationName = Release;
		};
/* End XCConfigurationList section */

/* Begin XCRemoteSwiftPackageReference section */
		7C8233FB269618D90062F9EC /* XCRemoteSwiftPackageReference "Marquee" */ = {
			isa = XCRemoteSwiftPackageReference;
			repositoryURL = "https://github.com/SwiftUIKit/Marquee";
			requirement = {
				kind = upToNextMajorVersion;
				minimumVersion = 0.3.0;
			};
		};
/* End XCRemoteSwiftPackageReference section */

/* Begin XCSwiftPackageProductDependency section */
		7C8233FC269618D90062F9EC /* Marquee */ = {
			isa = XCSwiftPackageProductDependency;
			package = 7C8233FB269618D90062F9EC /* XCRemoteSwiftPackageReference "Marquee" */;
			productName = Marquee;
		};
/* End XCSwiftPackageProductDependency section */
	};
	rootObject = 7CA9E4452678DEBF00394CE4 /* Project object */;
}
